
Microsoft Visual Studio Solution File, Format Version 12.00
# Visual Studio 15
Project("{FAE04EC0-301F-11D3-BF4B-00C04F79EFBC}") = "UnityEngine.TestRunner", "UnityEngine.TestRunner.csproj", "{A4B957DC-DAA6-B2C7-F671-1AA141E143F4}"
EndProject
Project("{FAE04EC0-301F-11D3-BF4B-00C04F79EFBC}") = "Unity.Mathematics", "Unity.Mathematics.csproj", "{D00D5293-2507-30D1-8ECA-B4647B3AE0DB}"
EndProject
Project("{FAE04EC0-301F-11D3-BF4B-00C04F79EFBC}") = "Unity.Timeline", "Unity.Timeline.csproj", "{7CA7C695-AC8E-946F-D2D3-3D94EB191993}"
EndProject
Project("{FAE04EC0-301F-11D3-BF4B-00C04F79EFBC}") = "UnityEngine.UI", "UnityEngine.UI.csproj", "{626AAFB8-0AD4-1287-4600-806251350F3F}"
EndProject
Project("{FAE04EC0-301F-11D3-BF4B-00C04F79EFBC}") = "Unity.TextMeshPro", "Unity.TextMeshPro.csproj", "{022A8A3B-85B9-88AA-3D4B-5277EBE15133}"
EndProject
Project("{FAE04EC0-301F-11D3-BF4B-00C04F79EFBC}") = "Unity.2D.Animation.Runtime", "Unity.2D.Animation.Runtime.csproj", "{C0A20FE4-B441-2AF3-3BF9-9D84682E054E}"
EndProject
Project("{FAE04EC0-301F-11D3-BF4B-00C04F79EFBC}") = "Unity.2D.IK.Runtime", "Unity.2D.IK.Runtime.csproj", "{C02754B2-C9CC-5F19-3C44-0107A9E00696}"
EndProject
Project("{FAE04EC0-301F-11D3-BF4B-00C04F79EFBC}") = "Unity.Notifications.Android", "Unity.Notifications.Android.csproj", "{ED8D9207-0D14-48C0-D66C-F77B72745221}"
EndProject
Project("{FAE04EC0-301F-11D3-BF4B-00C04F79EFBC}") = "Unity.2D.SpriteShape.Runtime", "Unity.2D.SpriteShape.Runtime.csproj", "{22BC8064-AB7B-9B76-E0B5-AA84D31B90D2}"
EndProject
Project("{FAE04EC0-301F-11D3-BF4B-00C04F79EFBC}") = "Unity.Notifications.iOS", "Unity.Notifications.iOS.csproj", "{6A9E3399-445C-B8EF-D831-257C35C88BEC}"
EndProject
Project("{FAE04EC0-301F-11D3-BF4B-00C04F79EFBC}") = "Unity.2D.PixelPerfect", "Unity.2D.PixelPerfect.csproj", "{C6875121-8225-3D8C-8C44-D70633AB2F0F}"
EndProject
Project("{FAE04EC0-301F-11D3-BF4B-00C04F79EFBC}") = "Unity.2D.Common.Runtime", "Unity.2D.Common.Runtime.csproj", "{759D7C3D-7566-E6AD-E7C5-9EF856ECACD9}"
EndProject
Project("{FAE04EC0-301F-11D3-BF4B-00C04F79EFBC}") = "Unity.InternalAPIEngineBridge.001", "Unity.InternalAPIEngineBridge.001.csproj", "{9C23B7FD-2560-D634-5912-1D4B2F28D2DE}"
EndProject
Project("{FAE04EC0-301F-11D3-BF4B-00C04F79EFBC}") = "UnityEditor.TestRunner", "UnityEditor.TestRunner.csproj", "{8A54F947-D14F-AAD9-951A-D43BD430A931}"
EndProject
Project("{FAE04EC0-301F-11D3-BF4B-00C04F79EFBC}") = "Unity.PlasticSCM.Editor", "Unity.PlasticSCM.Editor.csproj", "{B9AA71BF-6080-5BB8-193C-331A52DC3D72}"
EndProject
Project("{FAE04EC0-301F-11D3-BF4B-00C04F79EFBC}") = "Unity.2D.Animation.Triangle.Editor", "Unity.2D.Animation.Triangle.Editor.csproj", "{0504AA13-F404-4CB5-6049-472197A7392E}"
EndProject
Project("{FAE04EC0-301F-11D3-BF4B-00C04F79EFBC}") = "UnityEditor.UI", "UnityEditor.UI.csproj", "{7C25A5FA-A4AE-4B90-A3CD-A830C1EE79D6}"
EndProject
Project("{FAE04EC0-301F-11D3-BF4B-00C04F79EFBC}") = "Unity.Services.Core.Editor", "Unity.Services.Core.Editor.csproj", "{2940B0BD-10F1-4C7F-B44D-401DFE69BA1C}"
EndProject
Project("{FAE04EC0-301F-11D3-BF4B-00C04F79EFBC}") = "Unity.Timeline.Editor", "Unity.Timeline.Editor.csproj", "{BABE547E-890B-BD89-0BD2-C91DC4E7C838}"
EndProject
Project("{FAE04EC0-301F-11D3-BF4B-00C04F79EFBC}") = "Unity.VisualStudio.Editor", "Unity.VisualStudio.Editor.csproj", "{5629146F-73FF-4A75-37F9-44B85A8F925C}"
EndProject
Project("{FAE04EC0-301F-11D3-BF4B-00C04F79EFBC}") = "Unity.2D.Psdimporter.Editor", "Unity.2D.Psdimporter.Editor.csproj", "{B8F6B723-4738-E70D-B46B-B76C0724EA1D}"
EndProject
Project("{FAE04EC0-301F-11D3-BF4B-00C04F79EFBC}") = "Unity.2D.Animation.Editor", "Unity.2D.Animation.Editor.csproj", "{206462A3-D2A4-963E-23BB-A702C3DBEF28}"
EndProject
Project("{FAE04EC0-301F-11D3-BF4B-00C04F79EFBC}") = "Unity.TextMeshPro.Editor", "Unity.TextMeshPro.Editor.csproj", "{A0C07197-831F-5746-27EA-B7F2E71B396D}"
EndProject
Project("{FAE04EC0-301F-11D3-BF4B-00C04F79EFBC}") = "Unity.2D.SpriteShape.Editor", "Unity.2D.SpriteShape.Editor.csproj", "{4C152067-8C2F-5E14-21AF-4D44B7E29387}"
EndProject
Project("{FAE04EC0-301F-11D3-BF4B-00C04F79EFBC}") = "Unity.CollabProxy.Editor", "Unity.CollabProxy.Editor.csproj", "{30E89198-F0FB-788C-F315-E1FAD2C8FAAB}"
EndProject
Project("{FAE04EC0-301F-11D3-BF4B-00C04F79EFBC}") = "PsdPlugin", "PsdPlugin.csproj", "{FF10591A-5B8D-923E-2E2E-331CBF57CA8D}"
EndProject
Project("{FAE04EC0-301F-11D3-BF4B-00C04F79EFBC}") = "Unity.2D.Path.Editor", "Unity.2D.Path.Editor.csproj", "{D1D0A4BA-36B5-3846-7A74-85CD1F373DB8}"
EndProject
Project("{FAE04EC0-301F-11D3-BF4B-00C04F79EFBC}") = "Unity.Mobile.AndroidLogcat.Editor", "Unity.Mobile.AndroidLogcat.Editor.csproj", "{F0E06DD5-41A3-E992-BD4B-7103161E7789}"
EndProject
Project("{FAE04EC0-301F-11D3-BF4B-00C04F79EFBC}") = "Unity.Rider.Editor", "Unity.Rider.Editor.csproj", "{C6F9D0F4-A31B-4D54-840B-B05A16E6B75E}"
EndProject
Project("{FAE04EC0-301F-11D3-BF4B-00C04F79EFBC}") = "Unity.2D.IK.Editor", "Unity.2D.IK.Editor.csproj", "{8A60354C-2B9E-5AF1-17DB-ADDFDE17720D}"
EndProject
Project("{FAE04EC0-301F-11D3-BF4B-00C04F79EFBC}") = "Unity.2D.Sprite.Editor", "Unity.2D.Sprite.Editor.csproj", "{0380DC99-FBB7-6555-D427-D3F3E34F8540}"
EndProject
Project("{FAE04EC0-301F-11D3-BF4B-00C04F79EFBC}") = "Unity.2D.Tilemap.Editor", "Unity.2D.Tilemap.Editor.csproj", "{B6705385-88EA-2C32-8E51-386C57AC77CC}"
EndProject
Project("{FAE04EC0-301F-11D3-BF4B-00C04F79EFBC}") = "Unity.2D.PixelPerfect.Editor", "Unity.2D.PixelPerfect.Editor.csproj", "{52FB6D53-A4F8-1726-D705-E5F6DF246835}"
EndProject
Project("{FAE04EC0-301F-11D3-BF4B-00C04F79EFBC}") = "Unity.VSCode.Editor", "Unity.VSCode.Editor.csproj", "{55F867F2-1648-8CBC-295F-68B0C9FFFEBF}"
EndProject
Project("{FAE04EC0-301F-11D3-BF4B-00C04F79EFBC}") = "Unity.Notifications", "Unity.Notifications.csproj", "{6190F884-C7C3-B941-95D5-FE589E6902E0}"
EndProject
Project("{FAE04EC0-301F-11D3-BF4B-00C04F79EFBC}") = "Unity.2D.Common.Editor", "Unity.2D.Common.Editor.csproj", "{0A98CCB6-D715-96B8-1EEA-C6731F149DC4}"
EndProject
Project("{FAE04EC0-301F-11D3-BF4B-00C04F79EFBC}") = "Unity.Mathematics.Editor", "Unity.Mathematics.Editor.csproj", "{01A1C72E-DF5E-0251-4C2C-01858118140E}"
EndProject
Project("{FAE04EC0-301F-11D3-BF4B-00C04F79EFBC}") = "Unity.InternalAPIEditorBridge.001", "Unity.InternalAPIEditorBridge.001.csproj", "{6E91DF73-B222-F32E-AF1D-8D67E699B851}"
EndProject
Project("{FAE04EC0-301F-11D3-BF4B-00C04F79EFBC}") = "UnityEngine.TestRunner", "UnityEngine.TestRunner.Player.csproj", "{CB625F58-0FFE-9389-2670-2BBE890075BE}"
EndProject
Project("{FAE04EC0-301F-11D3-BF4B-00C04F79EFBC}") = "Unity.Mathematics", "Unity.Mathematics.Player.csproj", "{9993C9C3-0AD1-881B-66FD-45E6619EBC14}"
EndProject
Project("{FAE04EC0-301F-11D3-BF4B-00C04F79EFBC}") = "Unity.Timeline", "Unity.Timeline.Player.csproj", "{AEFCC18F-80CF-2C84-5129-9BBD8F7D714A}"
EndProject
Project("{FAE04EC0-301F-11D3-BF4B-00C04F79EFBC}") = "UnityEngine.UI", "UnityEngine.UI.Player.csproj", "{CD602245-4E39-03DC-9A1C-A600C2E990E3}"
EndProject
Project("{FAE04EC0-301F-11D3-BF4B-00C04F79EFBC}") = "Unity.TextMeshPro", "Unity.TextMeshPro.Player.csproj", "{EBFDF983-485E-0085-5FD9-60E93B281907}"
EndProject
Project("{FAE04EC0-301F-11D3-BF4B-00C04F79EFBC}") = "Unity.2D.Animation.Runtime", "Unity.2D.Animation.Runtime.Player.csproj", "{D61AF376-7976-0F86-2AA9-168C0E6D2265}"
EndProject
Project("{FAE04EC0-301F-11D3-BF4B-00C04F79EFBC}") = "Unity.2D.IK.Runtime", "Unity.2D.IK.Runtime.Player.csproj", "{E0E678E4-1C63-8F57-AFC4-2FDDB602269A}"
EndProject
Project("{FAE04EC0-301F-11D3-BF4B-00C04F79EFBC}") = "Unity.2D.SpriteShape.Runtime", "Unity.2D.SpriteShape.Runtime.Player.csproj", "{996DC19D-BC93-E204-D820-58629893F844}"
EndProject
Project("{FAE04EC0-301F-11D3-BF4B-00C04F79EFBC}") = "Unity.2D.PixelPerfect", "Unity.2D.PixelPerfect.Player.csproj", "{10C0CADC-23E5-101C-9E14-EA92E1CA6758}"
EndProject
Project("{FAE04EC0-301F-11D3-BF4B-00C04F79EFBC}") = "Unity.2D.Common.Runtime", "Unity.2D.Common.Runtime.Player.csproj", "{6062CA1E-274E-17A1-491F-E84B68BC735B}"
EndProject
Project("{FAE04EC0-301F-11D3-BF4B-00C04F79EFBC}") = "Unity.InternalAPIEngineBridge.001", "Unity.InternalAPIEngineBridge.001.Player.csproj", "{7902A83B-9C7B-31AE-7C50-9747E4CD72CE}"
EndProject
Global
	GlobalSection(SolutionConfigurationPlatforms) = preSolution
		Debug|Any CPU = Debug|Any CPU
		Release|Any CPU = Release|Any CPU
	EndGlobalSection
	GlobalSection(ProjectConfigurationPlatforms) = postSolution
		{A4B957DC-DAA6-B2C7-F671-1AA141E143F4}.Debug|Any CPU.ActiveCfg = Debug|Any CPU
		{A4B957DC-DAA6-B2C7-F671-1AA141E143F4}.Debug|Any CPU.Build.0 = Debug|Any CPU
		{A4B957DC-DAA6-B2C7-F671-1AA141E143F4}.Release|Any CPU.ActiveCfg = Release|Any CPU
		{A4B957DC-DAA6-B2C7-F671-1AA141E143F4}.Release|Any CPU.Build.0 = Release|Any CPU
		{D00D5293-2507-30D1-8ECA-B4647B3AE0DB}.Debug|Any CPU.ActiveCfg = Debug|Any CPU
		{D00D5293-2507-30D1-8ECA-B4647B3AE0DB}.Debug|Any CPU.Build.0 = Debug|Any CPU
		{D00D5293-2507-30D1-8ECA-B4647B3AE0DB}.Release|Any CPU.ActiveCfg = Release|Any CPU
		{D00D5293-2507-30D1-8ECA-B4647B3AE0DB}.Release|Any CPU.Build.0 = Release|Any CPU
		{7CA7C695-AC8E-946F-D2D3-3D94EB191993}.Debug|Any CPU.ActiveCfg = Debug|Any CPU
		{7CA7C695-AC8E-946F-D2D3-3D94EB191993}.Debug|Any CPU.Build.0 = Debug|Any CPU
		{7CA7C695-AC8E-946F-D2D3-3D94EB191993}.Release|Any CPU.ActiveCfg = Release|Any CPU
		{7CA7C695-AC8E-946F-D2D3-3D94EB191993}.Release|Any CPU.Build.0 = Release|Any CPU
		{626AAFB8-0AD4-1287-4600-806251350F3F}.Debug|Any CPU.ActiveCfg = Debug|Any CPU
		{626AAFB8-0AD4-1287-4600-806251350F3F}.Debug|Any CPU.Build.0 = Debug|Any CPU
		{626AAFB8-0AD4-1287-4600-806251350F3F}.Release|Any CPU.ActiveCfg = Release|Any CPU
		{626AAFB8-0AD4-1287-4600-806251350F3F}.Release|Any CPU.Build.0 = Release|Any CPU
		{022A8A3B-85B9-88AA-3D4B-5277EBE15133}.Debug|Any CPU.ActiveCfg = Debug|Any CPU
		{022A8A3B-85B9-88AA-3D4B-5277EBE15133}.Debug|Any CPU.Build.0 = Debug|Any CPU
		{022A8A3B-85B9-88AA-3D4B-5277EBE15133}.Release|Any CPU.ActiveCfg = Release|Any CPU
		{022A8A3B-85B9-88AA-3D4B-5277EBE15133}.Release|Any CPU.Build.0 = Release|Any CPU
		{C0A20FE4-B441-2AF3-3BF9-9D84682E054E}.Debug|Any CPU.ActiveCfg = Debug|Any CPU
		{C0A20FE4-B441-2AF3-3BF9-9D84682E054E}.Debug|Any CPU.Build.0 = Debug|Any CPU
		{C0A20FE4-B441-2AF3-3BF9-9D84682E054E}.Release|Any CPU.ActiveCfg = Release|Any CPU
		{C0A20FE4-B441-2AF3-3BF9-9D84682E054E}.Release|Any CPU.Build.0 = Release|Any CPU
		{C02754B2-C9CC-5F19-3C44-0107A9E00696}.Debug|Any CPU.ActiveCfg = Debug|Any CPU
		{C02754B2-C9CC-5F19-3C44-0107A9E00696}.Debug|Any CPU.Build.0 = Debug|Any CPU
		{C02754B2-C9CC-5F19-3C44-0107A9E00696}.Release|Any CPU.ActiveCfg = Release|Any CPU
		{C02754B2-C9CC-5F19-3C44-0107A9E00696}.Release|Any CPU.Build.0 = Release|Any CPU
		{ED8D9207-0D14-48C0-D66C-F77B72745221}.Debug|Any CPU.ActiveCfg = Debug|Any CPU
		{ED8D9207-0D14-48C0-D66C-F77B72745221}.Debug|Any CPU.Build.0 = Debug|Any CPU
		{ED8D9207-0D14-48C0-D66C-F77B72745221}.Release|Any CPU.ActiveCfg = Release|Any CPU
		{ED8D9207-0D14-48C0-D66C-F77B72745221}.Release|Any CPU.Build.0 = Release|Any CPU
		{22BC8064-AB7B-9B76-E0B5-AA84D31B90D2}.Debug|Any CPU.ActiveCfg = Debug|Any CPU
		{22BC8064-AB7B-9B76-E0B5-AA84D31B90D2}.Debug|Any CPU.Build.0 = Debug|Any CPU
		{22BC8064-AB7B-9B76-E0B5-AA84D31B90D2}.Release|Any CPU.ActiveCfg = Release|Any CPU
		{22BC8064-AB7B-9B76-E0B5-AA84D31B90D2}.Release|Any CPU.Build.0 = Release|Any CPU
		{6A9E3399-445C-B8EF-D831-257C35C88BEC}.Debug|Any CPU.ActiveCfg = Debug|Any CPU
		{6A9E3399-445C-B8EF-D831-257C35C88BEC}.Debug|Any CPU.Build.0 = Debug|Any CPU
		{6A9E3399-445C-B8EF-D831-257C35C88BEC}.Release|Any CPU.ActiveCfg = Release|Any CPU
		{6A9E3399-445C-B8EF-D831-257C35C88BEC}.Release|Any CPU.Build.0 = Release|Any CPU
		{C6875121-8225-3D8C-8C44-D70633AB2F0F}.Debug|Any CPU.ActiveCfg = Debug|Any CPU
		{C6875121-8225-3D8C-8C44-D70633AB2F0F}.Debug|Any CPU.Build.0 = Debug|Any CPU
		{C6875121-8225-3D8C-8C44-D70633AB2F0F}.Release|Any CPU.ActiveCfg = Release|Any CPU
		{C6875121-8225-3D8C-8C44-D70633AB2F0F}.Release|Any CPU.Build.0 = Release|Any CPU
		{759D7C3D-7566-E6AD-E7C5-9EF856ECACD9}.Debug|Any CPU.ActiveCfg = Debug|Any CPU
		{759D7C3D-7566-E6AD-E7C5-9EF856ECACD9}.Debug|Any CPU.Build.0 = Debug|Any CPU
		{759D7C3D-7566-E6AD-E7C5-9EF856ECACD9}.Release|Any CPU.ActiveCfg = Release|Any CPU
		{759D7C3D-7566-E6AD-E7C5-9EF856ECACD9}.Release|Any CPU.Build.0 = Release|Any CPU
		{9C23B7FD-2560-D634-5912-1D4B2F28D2DE}.Debug|Any CPU.ActiveCfg = Debug|Any CPU
		{9C23B7FD-2560-D634-5912-1D4B2F28D2DE}.Debug|Any CPU.Build.0 = Debug|Any CPU
		{9C23B7FD-2560-D634-5912-1D4B2F28D2DE}.Release|Any CPU.ActiveCfg = Release|Any CPU
		{9C23B7FD-2560-D634-5912-1D4B2F28D2DE}.Release|Any CPU.Build.0 = Release|Any CPU
		{8A54F947-D14F-AAD9-951A-D43BD430A931}.Debug|Any CPU.ActiveCfg = Debug|Any CPU
		{8A54F947-D14F-AAD9-951A-D43BD430A931}.Debug|Any CPU.Build.0 = Debug|Any CPU
		{8A54F947-D14F-AAD9-951A-D43BD430A931}.Release|Any CPU.ActiveCfg = Release|Any CPU
		{8A54F947-D14F-AAD9-951A-D43BD430A931}.Release|Any CPU.Build.0 = Release|Any CPU
		{B9AA71BF-6080-5BB8-193C-331A52DC3D72}.Debug|Any CPU.ActiveCfg = Debug|Any CPU
		{B9AA71BF-6080-5BB8-193C-331A52DC3D72}.Debug|Any CPU.Build.0 = Debug|Any CPU
		{B9AA71BF-6080-5BB8-193C-331A52DC3D72}.Release|Any CPU.ActiveCfg = Release|Any CPU
		{B9AA71BF-6080-5BB8-193C-331A52DC3D72}.Release|Any CPU.Build.0 = Release|Any CPU
		{0504AA13-F404-4CB5-6049-472197A7392E}.Debug|Any CPU.ActiveCfg = Debug|Any CPU
		{0504AA13-F404-4CB5-6049-472197A7392E}.Debug|Any CPU.Build.0 = Debug|Any CPU
		{0504AA13-F404-4CB5-6049-472197A7392E}.Release|Any CPU.ActiveCfg = Release|Any CPU
		{0504AA13-F404-4CB5-6049-472197A7392E}.Release|Any CPU.Build.0 = Release|Any CPU
		{7C25A5FA-A4AE-4B90-A3CD-A830C1EE79D6}.Debug|Any CPU.ActiveCfg = Debug|Any CPU
		{7C25A5FA-A4AE-4B90-A3CD-A830C1EE79D6}.Debug|Any CPU.Build.0 = Debug|Any CPU
		{7C25A5FA-A4AE-4B90-A3CD-A830C1EE79D6}.Release|Any CPU.ActiveCfg = Release|Any CPU
		{7C25A5FA-A4AE-4B90-A3CD-A830C1EE79D6}.Release|Any CPU.Build.0 = Release|Any CPU
		{2940B0BD-10F1-4C7F-B44D-401DFE69BA1C}.Debug|Any CPU.ActiveCfg = Debug|Any CPU
		{2940B0BD-10F1-4C7F-B44D-401DFE69BA1C}.Debug|Any CPU.Build.0 = Debug|Any CPU
		{2940B0BD-10F1-4C7F-B44D-401DFE69BA1C}.Release|Any CPU.ActiveCfg = Release|Any CPU
		{2940B0BD-10F1-4C7F-B44D-401DFE69BA1C}.Release|Any CPU.Build.0 = Release|Any CPU
		{BABE547E-890B-BD89-0BD2-C91DC4E7C838}.Debug|Any CPU.ActiveCfg = Debug|Any CPU
		{BABE547E-890B-BD89-0BD2-C91DC4E7C838}.Debug|Any CPU.Build.0 = Debug|Any CPU
		{BABE547E-890B-BD89-0BD2-C91DC4E7C838}.Release|Any CPU.ActiveCfg = Release|Any CPU
		{BABE547E-890B-BD89-0BD2-C91DC4E7C838}.Release|Any CPU.Build.0 = Release|Any CPU
		{5629146F-73FF-4A75-37F9-44B85A8F925C}.Debug|Any CPU.ActiveCfg = Debug|Any CPU
		{5629146F-73FF-4A75-37F9-44B85A8F925C}.Debug|Any CPU.Build.0 = Debug|Any CPU
		{5629146F-73FF-4A75-37F9-44B85A8F925C}.Release|Any CPU.ActiveCfg = Release|Any CPU
		{5629146F-73FF-4A75-37F9-44B85A8F925C}.Release|Any CPU.Build.0 = Release|Any CPU
		{B8F6B723-4738-E70D-B46B-B76C0724EA1D}.Debug|Any CPU.ActiveCfg = Debug|Any CPU
		{B8F6B723-4738-E70D-B46B-B76C0724EA1D}.Debug|Any CPU.Build.0 = Debug|Any CPU
		{B8F6B723-4738-E70D-B46B-B76C0724EA1D}.Release|Any CPU.ActiveCfg = Release|Any CPU
		{B8F6B723-4738-E70D-B46B-B76C0724EA1D}.Release|Any CPU.Build.0 = Release|Any CPU
		{206462A3-D2A4-963E-23BB-A702C3DBEF28}.Debug|Any CPU.ActiveCfg = Debug|Any CPU
		{206462A3-D2A4-963E-23BB-A702C3DBEF28}.Debug|Any CPU.Build.0 = Debug|Any CPU
		{206462A3-D2A4-963E-23BB-A702C3DBEF28}.Release|Any CPU.ActiveCfg = Release|Any CPU
		{206462A3-D2A4-963E-23BB-A702C3DBEF28}.Release|Any CPU.Build.0 = Release|Any CPU
		{A0C07197-831F-5746-27EA-B7F2E71B396D}.Debug|Any CPU.ActiveCfg = Debug|Any CPU
		{A0C07197-831F-5746-27EA-B7F2E71B396D}.Debug|Any CPU.Build.0 = Debug|Any CPU
		{A0C07197-831F-5746-27EA-B7F2E71B396D}.Release|Any CPU.ActiveCfg = Release|Any CPU
		{A0C07197-831F-5746-27EA-B7F2E71B396D}.Release|Any CPU.Build.0 = Release|Any CPU
		{4C152067-8C2F-5E14-21AF-4D44B7E29387}.Debug|Any CPU.ActiveCfg = Debug|Any CPU
		{4C152067-8C2F-5E14-21AF-4D44B7E29387}.Debug|Any CPU.Build.0 = Debug|Any CPU
		{4C152067-8C2F-5E14-21AF-4D44B7E29387}.Release|Any CPU.ActiveCfg = Release|Any CPU
		{4C152067-8C2F-5E14-21AF-4D44B7E29387}.Release|Any CPU.Build.0 = Release|Any CPU
		{30E89198-F0FB-788C-F315-E1FAD2C8FAAB}.Debug|Any CPU.ActiveCfg = Debug|Any CPU
		{30E89198-F0FB-788C-F315-E1FAD2C8FAAB}.Debug|Any CPU.Build.0 = Debug|Any CPU
		{30E89198-F0FB-788C-F315-E1FAD2C8FAAB}.Release|Any CPU.ActiveCfg = Release|Any CPU
		{30E89198-F0FB-788C-F315-E1FAD2C8FAAB}.Release|Any CPU.Build.0 = Release|Any CPU
		{FF10591A-5B8D-923E-2E2E-331CBF57CA8D}.Debug|Any CPU.ActiveCfg = Debug|Any CPU
		{FF10591A-5B8D-923E-2E2E-331CBF57CA8D}.Debug|Any CPU.Build.0 = Debug|Any CPU
		{FF10591A-5B8D-923E-2E2E-331CBF57CA8D}.Release|Any CPU.ActiveCfg = Release|Any CPU
		{FF10591A-5B8D-923E-2E2E-331CBF57CA8D}.Release|Any CPU.Build.0 = Release|Any CPU
		{D1D0A4BA-36B5-3846-7A74-85CD1F373DB8}.Debug|Any CPU.ActiveCfg = Debug|Any CPU
		{D1D0A4BA-36B5-3846-7A74-85CD1F373DB8}.Debug|Any CPU.Build.0 = Debug|Any CPU
		{D1D0A4BA-36B5-3846-7A74-85CD1F373DB8}.Release|Any CPU.ActiveCfg = Release|Any CPU
		{D1D0A4BA-36B5-3846-7A74-85CD1F373DB8}.Release|Any CPU.Build.0 = Release|Any CPU
		{F0E06DD5-41A3-E992-BD4B-7103161E7789}.Debug|Any CPU.ActiveCfg = Debug|Any CPU
		{F0E06DD5-41A3-E992-BD4B-7103161E7789}.Debug|Any CPU.Build.0 = Debug|Any CPU
		{F0E06DD5-41A3-E992-BD4B-7103161E7789}.Release|Any CPU.ActiveCfg = Release|Any CPU
		{F0E06DD5-41A3-E992-BD4B-7103161E7789}.Release|Any CPU.Build.0 = Release|Any CPU
		{C6F9D0F4-A31B-4D54-840B-B05A16E6B75E}.Debug|Any CPU.ActiveCfg = Debug|Any CPU
		{C6F9D0F4-A31B-4D54-840B-B05A16E6B75E}.Debug|Any CPU.Build.0 = Debug|Any CPU
		{C6F9D0F4-A31B-4D54-840B-B05A16E6B75E}.Release|Any CPU.ActiveCfg = Release|Any CPU
		{C6F9D0F4-A31B-4D54-840B-B05A16E6B75E}.Release|Any CPU.Build.0 = Release|Any CPU
		{8A60354C-2B9E-5AF1-17DB-ADDFDE17720D}.Debug|Any CPU.ActiveCfg = Debug|Any CPU
		{8A60354C-2B9E-5AF1-17DB-ADDFDE17720D}.Debug|Any CPU.Build.0 = Debug|Any CPU
		{8A60354C-2B9E-5AF1-17DB-ADDFDE17720D}.Release|Any CPU.ActiveCfg = Release|Any CPU
		{8A60354C-2B9E-5AF1-17DB-ADDFDE17720D}.Release|Any CPU.Build.0 = Release|Any CPU
		{0380DC99-FBB7-6555-D427-D3F3E34F8540}.Debug|Any CPU.ActiveCfg = Debug|Any CPU
		{0380DC99-FBB7-6555-D427-D3F3E34F8540}.Debug|Any CPU.Build.0 = Debug|Any CPU
		{0380DC99-FBB7-6555-D427-D3F3E34F8540}.Release|Any CPU.ActiveCfg = Release|Any CPU
		{0380DC99-FBB7-6555-D427-D3F3E34F8540}.Release|Any CPU.Build.0 = Release|Any CPU
		{B6705385-88EA-2C32-8E51-386C57AC77CC}.Debug|Any CPU.ActiveCfg = Debug|Any CPU
		{B6705385-88EA-2C32-8E51-386C57AC77CC}.Debug|Any CPU.Build.0 = Debug|Any CPU
		{B6705385-88EA-2C32-8E51-386C57AC77CC}.Release|Any CPU.ActiveCfg = Release|Any CPU
		{B6705385-88EA-2C32-8E51-386C57AC77CC}.Release|Any CPU.Build.0 = Release|Any CPU
		{52FB6D53-A4F8-1726-D705-E5F6DF246835}.Debug|Any CPU.ActiveCfg = Debug|Any CPU
		{52FB6D53-A4F8-1726-D705-E5F6DF246835}.Debug|Any CPU.Build.0 = Debug|Any CPU
		{52FB6D53-A4F8-1726-D705-E5F6DF246835}.Release|Any CPU.ActiveCfg = Release|Any CPU
		{52FB6D53-A4F8-1726-D705-E5F6DF246835}.Release|Any CPU.Build.0 = Release|Any CPU
		{55F867F2-1648-8CBC-295F-68B0C9FFFEBF}.Debug|Any CPU.ActiveCfg = Debug|Any CPU
		{55F867F2-1648-8CBC-295F-68B0C9FFFEBF}.Debug|Any CPU.Build.0 = Debug|Any CPU
		{55F867F2-1648-8CBC-295F-68B0C9FFFEBF}.Release|Any CPU.ActiveCfg = Release|Any CPU
		{55F867F2-1648-8CBC-295F-68B0C9FFFEBF}.Release|Any CPU.Build.0 = Release|Any CPU
		{6190F884-C7C3-B941-95D5-FE589E6902E0}.Debug|Any CPU.ActiveCfg = Debug|Any CPU
		{6190F884-C7C3-B941-95D5-FE589E6902E0}.Debug|Any CPU.Build.0 = Debug|Any CPU
		{6190F884-C7C3-B941-95D5-FE589E6902E0}.Release|Any CPU.ActiveCfg = Release|Any CPU
		{6190F884-C7C3-B941-95D5-FE589E6902E0}.Release|Any CPU.Build.0 = Release|Any CPU
		{0A98CCB6-D715-96B8-1EEA-C6731F149DC4}.Debug|Any CPU.ActiveCfg = Debug|Any CPU
		{0A98CCB6-D715-96B8-1EEA-C6731F149DC4}.Debug|Any CPU.Build.0 = Debug|Any CPU
		{0A98CCB6-D715-96B8-1EEA-C6731F149DC4}.Release|Any CPU.ActiveCfg = Release|Any CPU
		{0A98CCB6-D715-96B8-1EEA-C6731F149DC4}.Release|Any CPU.Build.0 = Release|Any CPU
		{01A1C72E-DF5E-0251-4C2C-01858118140E}.Debug|Any CPU.ActiveCfg = Debug|Any CPU
		{01A1C72E-DF5E-0251-4C2C-01858118140E}.Debug|Any CPU.Build.0 = Debug|Any CPU
		{01A1C72E-DF5E-0251-4C2C-01858118140E}.Release|Any CPU.ActiveCfg = Release|Any CPU
		{01A1C72E-DF5E-0251-4C2C-01858118140E}.Release|Any CPU.Build.0 = Release|Any CPU
		{6E91DF73-B222-F32E-AF1D-8D67E699B851}.Debug|Any CPU.ActiveCfg = Debug|Any CPU
		{6E91DF73-B222-F32E-AF1D-8D67E699B851}.Debug|Any CPU.Build.0 = Debug|Any CPU
		{6E91DF73-B222-F32E-AF1D-8D67E699B851}.Release|Any CPU.ActiveCfg = Release|Any CPU
		{6E91DF73-B222-F32E-AF1D-8D67E699B851}.Release|Any CPU.Build.0 = Release|Any CPU
		{CB625F58-0FFE-9389-2670-2BBE890075BE}.Debug|Any CPU.ActiveCfg = Debug|Any CPU
		{CB625F58-0FFE-9389-2670-2BBE890075BE}.Debug|Any CPU.Build.0 = Debug|Any CPU
		{CB625F58-0FFE-9389-2670-2BBE890075BE}.Release|Any CPU.ActiveCfg = Release|Any CPU
		{CB625F58-0FFE-9389-2670-2BBE890075BE}.Release|Any CPU.Build.0 = Release|Any CPU
		{9993C9C3-0AD1-881B-66FD-45E6619EBC14}.Debug|Any CPU.ActiveCfg = Debug|Any CPU
		{9993C9C3-0AD1-881B-66FD-45E6619EBC14}.Debug|Any CPU.Build.0 = Debug|Any CPU
		{9993C9C3-0AD1-881B-66FD-45E6619EBC14}.Release|Any CPU.ActiveCfg = Release|Any CPU
		{9993C9C3-0AD1-881B-66FD-45E6619EBC14}.Release|Any CPU.Build.0 = Release|Any CPU
		{AEFCC18F-80CF-2C84-5129-9BBD8F7D714A}.Debug|Any CPU.ActiveCfg = Debug|Any CPU
		{AEFCC18F-80CF-2C84-5129-9BBD8F7D714A}.Debug|Any CPU.Build.0 = Debug|Any CPU
		{AEFCC18F-80CF-2C84-5129-9BBD8F7D714A}.Release|Any CPU.ActiveCfg = Release|Any CPU
		{AEFCC18F-80CF-2C84-5129-9BBD8F7D714A}.Release|Any CPU.Build.0 = Release|Any CPU
		{CD602245-4E39-03DC-9A1C-A600C2E990E3}.Debug|Any CPU.ActiveCfg = Debug|Any CPU
		{CD602245-4E39-03DC-9A1C-A600C2E990E3}.Debug|Any CPU.Build.0 = Debug|Any CPU
		{CD602245-4E39-03DC-9A1C-A600C2E990E3}.Release|Any CPU.ActiveCfg = Release|Any CPU
		{CD602245-4E39-03DC-9A1C-A600C2E990E3}.Release|Any CPU.Build.0 = Release|Any CPU
		{EBFDF983-485E-0085-5FD9-60E93B281907}.Debug|Any CPU.ActiveCfg = Debug|Any CPU
		{EBFDF983-485E-0085-5FD9-60E93B281907}.Debug|Any CPU.Build.0 = Debug|Any CPU
		{EBFDF983-485E-0085-5FD9-60E93B281907}.Release|Any CPU.ActiveCfg = Release|Any CPU
		{EBFDF983-485E-0085-5FD9-60E93B281907}.Release|Any CPU.Build.0 = Release|Any CPU
		{D61AF376-7976-0F86-2AA9-168C0E6D2265}.Debug|Any CPU.ActiveCfg = Debug|Any CPU
		{D61AF376-7976-0F86-2AA9-168C0E6D2265}.Debug|Any CPU.Build.0 = Debug|Any CPU
		{D61AF376-7976-0F86-2AA9-168C0E6D2265}.Release|Any CPU.ActiveCfg = Release|Any CPU
		{D61AF376-7976-0F86-2AA9-168C0E6D2265}.Release|Any CPU.Build.0 = Release|Any CPU
		{E0E678E4-1C63-8F57-AFC4-2FDDB602269A}.Debug|Any CPU.ActiveCfg = Debug|Any CPU
		{E0E678E4-1C63-8F57-AFC4-2FDDB602269A}.Debug|Any CPU.Build.0 = Debug|Any CPU
		{E0E678E4-1C63-8F57-AFC4-2FDDB602269A}.Release|Any CPU.ActiveCfg = Release|Any CPU
		{E0E678E4-1C63-8F57-AFC4-2FDDB602269A}.Release|Any CPU.Build.0 = Release|Any CPU
		{996DC19D-BC93-E204-D820-58629893F844}.Debug|Any CPU.ActiveCfg = Debug|Any CPU
		{996DC19D-BC93-E204-D820-58629893F844}.Debug|Any CPU.Build.0 = Debug|Any CPU
		{996DC19D-BC93-E204-D820-58629893F844}.Release|Any CPU.ActiveCfg = Release|Any CPU
		{996DC19D-BC93-E204-D820-58629893F844}.Release|Any CPU.Build.0 = Release|Any CPU
		{10C0CADC-23E5-101C-9E14-EA92E1CA6758}.Debug|Any CPU.ActiveCfg = Debug|Any CPU
		{10C0CADC-23E5-101C-9E14-EA92E1CA6758}.Debug|Any CPU.Build.0 = Debug|Any CPU
		{10C0CADC-23E5-101C-9E14-EA92E1CA6758}.Release|Any CPU.ActiveCfg = Release|Any CPU
		{10C0CADC-23E5-101C-9E14-EA92E1CA6758}.Release|Any CPU.Build.0 = Release|Any CPU
		{6062CA1E-274E-17A1-491F-E84B68BC735B}.Debug|Any CPU.ActiveCfg = Debug|Any CPU
		{6062CA1E-274E-17A1-491F-E84B68BC735B}.Debug|Any CPU.Build.0 = Debug|Any CPU
		{6062CA1E-274E-17A1-491F-E84B68BC735B}.Release|Any CPU.ActiveCfg = Release|Any CPU
		{6062CA1E-274E-17A1-491F-E84B68BC735B}.Release|Any CPU.Build.0 = Release|Any CPU
		{7902A83B-9C7B-31AE-7C50-9747E4CD72CE}.Debug|Any CPU.ActiveCfg = Debug|Any CPU
		{7902A83B-9C7B-31AE-7C50-9747E4CD72CE}.Debug|Any CPU.Build.0 = Debug|Any CPU
		{7902A83B-9C7B-31AE-7C50-9747E4CD72CE}.Release|Any CPU.ActiveCfg = Release|Any CPU
		{7902A83B-9C7B-31AE-7C50-9747E4CD72CE}.Release|Any CPU.Build.0 = Release|Any CPU
	EndGlobalSection
	GlobalSection(SolutionProperties) = preSolution
		HideSolutionNode = FALSE
	EndGlobalSection
EndGlobal
